
Microsoft Visual Studio Solution File, Format Version 12.00
# Visual Studio Version 17
VisualStudioVersion = 17.6.33829.357
MinimumVisualStudioVersion = 10.0.40219.1
Project("{FAE04EC0-301F-11D3-BF4B-00C04F79EFBC}") = "SpaOnlineFunctions", "SpaOnlineFunctions\SpaOnlineFunctions.csproj", "{602E0029-6558-46AE-B240-4C5EDAA0392D}"
EndProject
Global
	GlobalSection(SolutionConfigurationPlatforms) = preSolution
		Debug|Any CPU = Debug|Any CPU
		Release|Any CPU = Release|Any CPU
	EndGlobalSection
	GlobalSection(ProjectConfigurationPlatforms) = postSolution
		{602E0029-6558-46AE-B240-4C5EDAA0392D}.Debug|Any CPU.ActiveCfg = Debug|Any CPU
		{602E0029-6558-46AE-B240-4C5EDAA0392D}.Debug|Any CPU.Build.0 = Debug|Any CPU
		{602E0029-6558-46AE-B240-4C5EDAA0392D}.Release|Any CPU.ActiveCfg = Release|Any CPU
		{602E0029-6558-46AE-B240-4C5EDAA0392D}.Release|Any CPU.Build.0 = Release|Any CPU
	EndGlobalSection
	GlobalSection(SolutionProperties) = preSolution
		HideSolutionNode = FALSE
	EndGlobalSection
	GlobalSection(ExtensibilityGlobals) = postSolution
		SolutionGuid = {F28B6B35-7254-41FC-8F01-519BB4841C1E}
	EndGlobalSection
EndGlobal
